// !$*UTF8*$!
{
	archiveVersion = 1;
	classes = {
	};
	objectVersion = 56;
	objects = {

/* Begin PBXBuildFile section */
		AB5173DA2B48A0C300814CD9 /* RxCocoa in Frameworks */ = {isa = PBXBuildFile; productRef = AB5173D92B48A0C300814CD9 /* RxCocoa */; };
		AB5173DF2B48B28D00814CD9 /* Gotham Medium.otf in Resources */ = {isa = PBXBuildFile; fileRef = AB5173DE2B48B28D00814CD9 /* Gotham Medium.otf */; };
		AB5173E12B48B29500814CD9 /* Gotham Bold.otf in Resources */ = {isa = PBXBuildFile; fileRef = AB5173E02B48B29500814CD9 /* Gotham Bold.otf */; };
		AB5173E32B48B2A100814CD9 /* Gotham Regular.otf in Resources */ = {isa = PBXBuildFile; fileRef = AB5173E22B48B2A100814CD9 /* Gotham Regular.otf */; };
		AB7BF4AC2B495DFA0080A511 /* HomeProViewController.swift in Sources */ = {isa = PBXBuildFile; fileRef = AB7BF4AB2B495DFA0080A511 /* HomeProViewController.swift */; };
		AB7BF4AF2B495E860080A511 /* HomeProUIView.swift in Sources */ = {isa = PBXBuildFile; fileRef = AB7BF4AE2B495E860080A511 /* HomeProUIView.swift */; };
		AB8E529A2B47229B009AF78E /* ExperienceCollectionViewCell.swift in Sources */ = {isa = PBXBuildFile; fileRef = AB8E52982B47229B009AF78E /* ExperienceCollectionViewCell.swift */; };
		AB8E529B2B47229B009AF78E /* ExperienceCollectionViewCell.xib in Resources */ = {isa = PBXBuildFile; fileRef = AB8E52992B47229B009AF78E /* ExperienceCollectionViewCell.xib */; };
		AB96548E2B46C5F00076FB93 /* AppDelegate.swift in Sources */ = {isa = PBXBuildFile; fileRef = AB96548D2B46C5F00076FB93 /* AppDelegate.swift */; };
		AB9654902B46C5F00076FB93 /* SceneDelegate.swift in Sources */ = {isa = PBXBuildFile; fileRef = AB96548F2B46C5F00076FB93 /* SceneDelegate.swift */; };
		AB9654972B46C5F10076FB93 /* Assets.xcassets in Resources */ = {isa = PBXBuildFile; fileRef = AB9654962B46C5F10076FB93 /* Assets.xcassets */; };
		AB96549A2B46C5F10076FB93 /* LaunchScreen.storyboard in Resources */ = {isa = PBXBuildFile; fileRef = AB9654982B46C5F10076FB93 /* LaunchScreen.storyboard */; };
		AB9654AF2B46C5F20076FB93 /* Around_EgyptUITests.swift in Sources */ = {isa = PBXBuildFile; fileRef = AB9654AE2B46C5F20076FB93 /* Around_EgyptUITests.swift */; };
		AB9654B12B46C5F20076FB93 /* Around_EgyptUITestsLaunchTests.swift in Sources */ = {isa = PBXBuildFile; fileRef = AB9654B02B46C5F20076FB93 /* Around_EgyptUITestsLaunchTests.swift */; };
		AB9654BF2B46C7130076FB93 /* Alamofire in Frameworks */ = {isa = PBXBuildFile; productRef = AB9654BE2B46C7130076FB93 /* Alamofire */; };
		AB9654C22B46C7390076FB93 /* Realm in Frameworks */ = {isa = PBXBuildFile; productRef = AB9654C12B46C7390076FB93 /* Realm */; };
		AB9654C42B46C7390076FB93 /* RealmSwift in Frameworks */ = {isa = PBXBuildFile; productRef = AB9654C32B46C7390076FB93 /* RealmSwift */; };
		AB9654C72B46C78E0076FB93 /* SDWebImageSwiftUI in Frameworks */ = {isa = PBXBuildFile; productRef = AB9654C62B46C78E0076FB93 /* SDWebImageSwiftUI */; };
		AB9654CA2B46C7CD0076FB93 /* RxBlocking in Frameworks */ = {isa = PBXBuildFile; productRef = AB9654C92B46C7CD0076FB93 /* RxBlocking */; };
		AB9654CC2B46C7CD0076FB93 /* RxCocoa in Frameworks */ = {isa = PBXBuildFile; productRef = AB9654CB2B46C7CD0076FB93 /* RxCocoa */; };
		AB9654CE2B46C7CD0076FB93 /* RxRelay in Frameworks */ = {isa = PBXBuildFile; productRef = AB9654CD2B46C7CD0076FB93 /* RxRelay */; };
		AB9654D02B46C7CD0076FB93 /* RxSwift in Frameworks */ = {isa = PBXBuildFile; productRef = AB9654CF2B46C7CD0076FB93 /* RxSwift */; };
		AB9654EA2B46CB590076FB93 /* SystemDesign.swift in Sources */ = {isa = PBXBuildFile; fileRef = AB9654E92B46CB590076FB93 /* SystemDesign.swift */; };
		AB9654EC2B46CB620076FB93 /* AppImages.swift in Sources */ = {isa = PBXBuildFile; fileRef = AB9654EB2B46CB620076FB93 /* AppImages.swift */; };
		AB9654EE2B46CB6A0076FB93 /* AppColors.swift in Sources */ = {isa = PBXBuildFile; fileRef = AB9654ED2B46CB6A0076FB93 /* AppColors.swift */; };
		AB9654F02B46CB710076FB93 /* AppFontsUIKit.swift in Sources */ = {isa = PBXBuildFile; fileRef = AB9654EF2B46CB710076FB93 /* AppFontsUIKit.swift */; };
		AB9654F32B46CEA30076FB93 /* NetworkConstants.swift in Sources */ = {isa = PBXBuildFile; fileRef = AB9654F22B46CEA30076FB93 /* NetworkConstants.swift */; };
		AB9654F52B46CEFA0076FB93 /* APIRouter.swift in Sources */ = {isa = PBXBuildFile; fileRef = AB9654F42B46CEFA0076FB93 /* APIRouter.swift */; };
		AB9654F72B46CF450076FB93 /* ServiceError.swift in Sources */ = {isa = PBXBuildFile; fileRef = AB9654F62B46CF450076FB93 /* ServiceError.swift */; };
		AB9654F92B46CF990076FB93 /* FailureResponse.swift in Sources */ = {isa = PBXBuildFile; fileRef = AB9654F82B46CF990076FB93 /* FailureResponse.swift */; };
		AB9654FB2B46CFBE0076FB93 /* NetworkClient.swift in Sources */ = {isa = PBXBuildFile; fileRef = AB9654FA2B46CFBE0076FB93 /* NetworkClient.swift */; };
		AB9655012B46D0C50076FB93 /* AuthRouter.swift in Sources */ = {isa = PBXBuildFile; fileRef = AB9655002B46D0C50076FB93 /* AuthRouter.swift */; };
		AB9655042B46D65B0076FB93 /* ExperienceRepo.swift in Sources */ = {isa = PBXBuildFile; fileRef = AB9655032B46D65B0076FB93 /* ExperienceRepo.swift */; };
		AB9655072B46D72B0076FB93 /* BaseRepositry.swift in Sources */ = {isa = PBXBuildFile; fileRef = AB9655062B46D72B0076FB93 /* BaseRepositry.swift */; };
		AB9655092B46D9950076FB93 /* ResponseObject.swift in Sources */ = {isa = PBXBuildFile; fileRef = AB9655082B46D9950076FB93 /* ResponseObject.swift */; };
		AB96550B2B46E8C30076FB93 /* Experience.swift in Sources */ = {isa = PBXBuildFile; fileRef = AB96550A2B46E8C30076FB93 /* Experience.swift */; };
		AB9937B72B488C7000AA8065 /* ExperienceRepoTest.swift in Sources */ = {isa = PBXBuildFile; fileRef = AB9937B62B488C6F00AA8065 /* ExperienceRepoTest.swift */; };
		AB9937BB2B488EA200AA8065 /* MockNetworkClient.swift in Sources */ = {isa = PBXBuildFile; fileRef = AB9937BA2B488EA200AA8065 /* MockNetworkClient.swift */; };
		AB9937C02B489FA800AA8065 /* RealmSwift in Frameworks */ = {isa = PBXBuildFile; productRef = AB9937BF2B489FA800AA8065 /* RealmSwift */; };
		AB9937C22B489FB600AA8065 /* SDWebImageSwiftUI in Frameworks */ = {isa = PBXBuildFile; productRef = AB9937C12B489FB600AA8065 /* SDWebImageSwiftUI */; };
		AB9EF8CF2B48402B003C9CE0 /* RadioButton.swift in Sources */ = {isa = PBXBuildFile; fileRef = AB9EF8CE2B48402B003C9CE0 /* RadioButton.swift */; };
		AB9EF8DA2B486CB8003C9CE0 /* AppFontsSwiftUI.swift in Sources */ = {isa = PBXBuildFile; fileRef = AB9EF8D92B486CB8003C9CE0 /* AppFontsSwiftUI.swift */; };
		AB9FDDC02B472D5E00C5EA21 /* UIViewController + Extenstions.swift in Sources */ = {isa = PBXBuildFile; fileRef = AB9FDDBF2B472D5E00C5EA21 /* UIViewController + Extenstions.swift */; };
		AB9FDDC22B47447C00C5EA21 /* ExperienceDetails.swift in Sources */ = {isa = PBXBuildFile; fileRef = AB9FDDC12B47447C00C5EA21 /* ExperienceDetails.swift */; };
		AB9FDDC42B474E8300C5EA21 /* View + Extenstions.swift in Sources */ = {isa = PBXBuildFile; fileRef = AB9FDDC32B474E8300C5EA21 /* View + Extenstions.swift */; };
		AB9FDDC62B475CC600C5EA21 /* GeomtryReader + Extenstion.swift in Sources */ = {isa = PBXBuildFile; fileRef = AB9FDDC52B475CC600C5EA21 /* GeomtryReader + Extenstion.swift */; };
		AB9FDDC82B476A0A00C5EA21 /* test.swift in Sources */ = {isa = PBXBuildFile; fileRef = AB9FDDC72B476A0A00C5EA21 /* test.swift */; };
		AB9FDDCB2B476BA900C5EA21 /* LocalExperience.swift in Sources */ = {isa = PBXBuildFile; fileRef = AB9FDDCA2B476BA900C5EA21 /* LocalExperience.swift */; };
		AB9FDDCD2B476CD300C5EA21 /* LocalDataManager.swift in Sources */ = {isa = PBXBuildFile; fileRef = AB9FDDCC2B476CD300C5EA21 /* LocalDataManager.swift */; };
		AB9FDDCF2B47705C00C5EA21 /* UIImage + Extenstion.swift in Sources */ = {isa = PBXBuildFile; fileRef = AB9FDDCE2B47705C00C5EA21 /* UIImage + Extenstion.swift */; };
		ABABACE52B4886B20016A592 /* ExperienceRepoMock.swift in Sources */ = {isa = PBXBuildFile; fileRef = ABABACE42B4886B20016A592 /* ExperienceRepoMock.swift */; };
		ABABACE72B4886DA0016A592 /* ExperienceViewModelTest.swift in Sources */ = {isa = PBXBuildFile; fileRef = ABABACE62B4886DA0016A592 /* ExperienceViewModelTest.swift */; };
		ABBD6A622B49A79E00473071 /* HomeProUIViewUITests.swift in Sources */ = {isa = PBXBuildFile; fileRef = ABBD6A612B49A79E00473071 /* HomeProUIViewUITests.swift */; };
		ABCA2D962B47115300F76066 /* ExperienceViewModel .swift in Sources */ = {isa = PBXBuildFile; fileRef = ABCA2D952B47115300F76066 /* ExperienceViewModel .swift */; };
/* End PBXBuildFile section */

/* Begin PBXContainerItemProxy section */
		AB9654AB2B46C5F20076FB93 /* PBXContainerItemProxy */ = {
			isa = PBXContainerItemProxy;
			containerPortal = AB9654822B46C5F00076FB93 /* Project object */;
			proxyType = 1;
			remoteGlobalIDString = AB9654892B46C5F00076FB93;
			remoteInfo = "Around Egypt";
		};
		ABABACDF2B4886A00016A592 /* PBXContainerItemProxy */ = {
			isa = PBXContainerItemProxy;
			containerPortal = AB9654822B46C5F00076FB93 /* Project object */;
			proxyType = 1;
			remoteGlobalIDString = AB9654892B46C5F00076FB93;
			remoteInfo = "Around Egypt";
		};
/* End PBXContainerItemProxy section */

/* Begin PBXCopyFilesBuildPhase section */
		AB9937C52B489FDD00AA8065 /* Embed Frameworks */ = {
			isa = PBXCopyFilesBuildPhase;
			buildActionMask = 2147483647;
			dstPath = "";
			dstSubfolderSpec = 10;
			files = (
			);
			name = "Embed Frameworks";
			runOnlyForDeploymentPostprocessing = 0;
		};
/* End PBXCopyFilesBuildPhase section */

/* Begin PBXFileReference section */
		AB5173DE2B48B28D00814CD9 /* Gotham Medium.otf */ = {isa = PBXFileReference; lastKnownFileType = file; path = "Gotham Medium.otf"; sourceTree = "<group>"; };
		AB5173E02B48B29500814CD9 /* Gotham Bold.otf */ = {isa = PBXFileReference; lastKnownFileType = file; path = "Gotham Bold.otf"; sourceTree = "<group>"; };
		AB5173E22B48B2A100814CD9 /* Gotham Regular.otf */ = {isa = PBXFileReference; lastKnownFileType = file; path = "Gotham Regular.otf"; sourceTree = "<group>"; };
		AB5173E42B48B4C800814CD9 /* Gotham Light.otf */ = {isa = PBXFileReference; lastKnownFileType = file; path = "Gotham Light.otf"; sourceTree = "<group>"; };
		AB7BF4AB2B495DFA0080A511 /* HomeProViewController.swift */ = {isa = PBXFileReference; lastKnownFileType = sourcecode.swift; path = HomeProViewController.swift; sourceTree = "<group>"; };
		AB7BF4AE2B495E860080A511 /* HomeProUIView.swift */ = {isa = PBXFileReference; lastKnownFileType = sourcecode.swift; path = HomeProUIView.swift; sourceTree = "<group>"; };
		AB8E52982B47229B009AF78E /* ExperienceCollectionViewCell.swift */ = {isa = PBXFileReference; lastKnownFileType = sourcecode.swift; path = ExperienceCollectionViewCell.swift; sourceTree = "<group>"; };
		AB8E52992B47229B009AF78E /* ExperienceCollectionViewCell.xib */ = {isa = PBXFileReference; lastKnownFileType = file.xib; path = ExperienceCollectionViewCell.xib; sourceTree = "<group>"; };
		AB96548A2B46C5F00076FB93 /* Around Egypt.app */ = {isa = PBXFileReference; explicitFileType = wrapper.application; includeInIndex = 0; path = "Around Egypt.app"; sourceTree = BUILT_PRODUCTS_DIR; };
		AB96548D2B46C5F00076FB93 /* AppDelegate.swift */ = {isa = PBXFileReference; lastKnownFileType = sourcecode.swift; path = AppDelegate.swift; sourceTree = "<group>"; };
		AB96548F2B46C5F00076FB93 /* SceneDelegate.swift */ = {isa = PBXFileReference; lastKnownFileType = sourcecode.swift; path = SceneDelegate.swift; sourceTree = "<group>"; };
		AB9654962B46C5F10076FB93 /* Assets.xcassets */ = {isa = PBXFileReference; lastKnownFileType = folder.assetcatalog; path = Assets.xcassets; sourceTree = "<group>"; };
		AB9654992B46C5F10076FB93 /* Base */ = {isa = PBXFileReference; lastKnownFileType = file.storyboard; name = Base; path = Base.lproj/LaunchScreen.storyboard; sourceTree = "<group>"; };
		AB96549B2B46C5F10076FB93 /* Info.plist */ = {isa = PBXFileReference; lastKnownFileType = text.plist.xml; path = Info.plist; sourceTree = "<group>"; };
		AB9654AA2B46C5F20076FB93 /* Around EgyptUITests.xctest */ = {isa = PBXFileReference; explicitFileType = wrapper.cfbundle; includeInIndex = 0; path = "Around EgyptUITests.xctest"; sourceTree = BUILT_PRODUCTS_DIR; };
		AB9654AE2B46C5F20076FB93 /* Around_EgyptUITests.swift */ = {isa = PBXFileReference; lastKnownFileType = sourcecode.swift; path = Around_EgyptUITests.swift; sourceTree = "<group>"; };
		AB9654B02B46C5F20076FB93 /* Around_EgyptUITestsLaunchTests.swift */ = {isa = PBXFileReference; lastKnownFileType = sourcecode.swift; path = Around_EgyptUITestsLaunchTests.swift; sourceTree = "<group>"; };
		AB9654E92B46CB590076FB93 /* SystemDesign.swift */ = {isa = PBXFileReference; lastKnownFileType = sourcecode.swift; path = SystemDesign.swift; sourceTree = "<group>"; };
		AB9654EB2B46CB620076FB93 /* AppImages.swift */ = {isa = PBXFileReference; lastKnownFileType = sourcecode.swift; path = AppImages.swift; sourceTree = "<group>"; };
		AB9654ED2B46CB6A0076FB93 /* AppColors.swift */ = {isa = PBXFileReference; lastKnownFileType = sourcecode.swift; path = AppColors.swift; sourceTree = "<group>"; };
		AB9654EF2B46CB710076FB93 /* AppFontsUIKit.swift */ = {isa = PBXFileReference; lastKnownFileType = sourcecode.swift; path = AppFontsUIKit.swift; sourceTree = "<group>"; };
		AB9654F22B46CEA30076FB93 /* NetworkConstants.swift */ = {isa = PBXFileReference; lastKnownFileType = sourcecode.swift; path = NetworkConstants.swift; sourceTree = "<group>"; };
		AB9654F42B46CEFA0076FB93 /* APIRouter.swift */ = {isa = PBXFileReference; lastKnownFileType = sourcecode.swift; path = APIRouter.swift; sourceTree = "<group>"; };
		AB9654F62B46CF450076FB93 /* ServiceError.swift */ = {isa = PBXFileReference; lastKnownFileType = sourcecode.swift; path = ServiceError.swift; sourceTree = "<group>"; };
		AB9654F82B46CF990076FB93 /* FailureResponse.swift */ = {isa = PBXFileReference; lastKnownFileType = sourcecode.swift; path = FailureResponse.swift; sourceTree = "<group>"; };
		AB9654FA2B46CFBE0076FB93 /* NetworkClient.swift */ = {isa = PBXFileReference; lastKnownFileType = sourcecode.swift; path = NetworkClient.swift; sourceTree = "<group>"; };
		AB9655002B46D0C50076FB93 /* AuthRouter.swift */ = {isa = PBXFileReference; lastKnownFileType = sourcecode.swift; path = AuthRouter.swift; sourceTree = "<group>"; };
		AB9655032B46D65B0076FB93 /* ExperienceRepo.swift */ = {isa = PBXFileReference; lastKnownFileType = sourcecode.swift; path = ExperienceRepo.swift; sourceTree = "<group>"; };
		AB9655062B46D72B0076FB93 /* BaseRepositry.swift */ = {isa = PBXFileReference; lastKnownFileType = sourcecode.swift; path = BaseRepositry.swift; sourceTree = "<group>"; };
		AB9655082B46D9950076FB93 /* ResponseObject.swift */ = {isa = PBXFileReference; lastKnownFileType = sourcecode.swift; path = ResponseObject.swift; sourceTree = "<group>"; };
		AB96550A2B46E8C30076FB93 /* Experience.swift */ = {isa = PBXFileReference; lastKnownFileType = sourcecode.swift; path = Experience.swift; sourceTree = "<group>"; };
		AB9937B62B488C6F00AA8065 /* ExperienceRepoTest.swift */ = {isa = PBXFileReference; lastKnownFileType = sourcecode.swift; path = ExperienceRepoTest.swift; sourceTree = "<group>"; };
		AB9937BA2B488EA200AA8065 /* MockNetworkClient.swift */ = {isa = PBXFileReference; lastKnownFileType = sourcecode.swift; path = MockNetworkClient.swift; sourceTree = "<group>"; };
		AB9EF8CE2B48402B003C9CE0 /* RadioButton.swift */ = {isa = PBXFileReference; lastKnownFileType = sourcecode.swift; path = RadioButton.swift; sourceTree = "<group>"; };
		AB9EF8D92B486CB8003C9CE0 /* AppFontsSwiftUI.swift */ = {isa = PBXFileReference; lastKnownFileType = sourcecode.swift; path = AppFontsSwiftUI.swift; sourceTree = "<group>"; };
		AB9FDDBF2B472D5E00C5EA21 /* UIViewController + Extenstions.swift */ = {isa = PBXFileReference; lastKnownFileType = sourcecode.swift; path = "UIViewController + Extenstions.swift"; sourceTree = "<group>"; };
		AB9FDDC12B47447C00C5EA21 /* ExperienceDetails.swift */ = {isa = PBXFileReference; lastKnownFileType = sourcecode.swift; path = ExperienceDetails.swift; sourceTree = "<group>"; };
		AB9FDDC32B474E8300C5EA21 /* View + Extenstions.swift */ = {isa = PBXFileReference; lastKnownFileType = sourcecode.swift; path = "View + Extenstions.swift"; sourceTree = "<group>"; };
		AB9FDDC52B475CC600C5EA21 /* GeomtryReader + Extenstion.swift */ = {isa = PBXFileReference; lastKnownFileType = sourcecode.swift; path = "GeomtryReader + Extenstion.swift"; sourceTree = "<group>"; };
		AB9FDDC72B476A0A00C5EA21 /* test.swift */ = {isa = PBXFileReference; lastKnownFileType = sourcecode.swift; path = test.swift; sourceTree = "<group>"; };
		AB9FDDCA2B476BA900C5EA21 /* LocalExperience.swift */ = {isa = PBXFileReference; lastKnownFileType = sourcecode.swift; path = LocalExperience.swift; sourceTree = "<group>"; };
		AB9FDDCC2B476CD300C5EA21 /* LocalDataManager.swift */ = {isa = PBXFileReference; lastKnownFileType = sourcecode.swift; path = LocalDataManager.swift; sourceTree = "<group>"; };
		AB9FDDCE2B47705C00C5EA21 /* UIImage + Extenstion.swift */ = {isa = PBXFileReference; lastKnownFileType = sourcecode.swift; path = "UIImage + Extenstion.swift"; sourceTree = "<group>"; };
		ABABACDB2B4886A00016A592 /* AroundEgyptTests.xctest */ = {isa = PBXFileReference; explicitFileType = wrapper.cfbundle; includeInIndex = 0; path = AroundEgyptTests.xctest; sourceTree = BUILT_PRODUCTS_DIR; };
		ABABACE42B4886B20016A592 /* ExperienceRepoMock.swift */ = {isa = PBXFileReference; lastKnownFileType = sourcecode.swift; path = ExperienceRepoMock.swift; sourceTree = "<group>"; };
		ABABACE62B4886DA0016A592 /* ExperienceViewModelTest.swift */ = {isa = PBXFileReference; lastKnownFileType = sourcecode.swift; path = ExperienceViewModelTest.swift; sourceTree = "<group>"; };
		ABBD6A612B49A79E00473071 /* HomeProUIViewUITests.swift */ = {isa = PBXFileReference; lastKnownFileType = sourcecode.swift; path = HomeProUIViewUITests.swift; sourceTree = "<group>"; };
		ABCA2D952B47115300F76066 /* ExperienceViewModel .swift */ = {isa = PBXFileReference; lastKnownFileType = sourcecode.swift; path = "ExperienceViewModel .swift"; sourceTree = "<group>"; };
/* End PBXFileReference section */

/* Begin PBXFrameworksBuildPhase section */
		AB9654872B46C5F00076FB93 /* Frameworks */ = {
			isa = PBXFrameworksBuildPhase;
			buildActionMask = 2147483647;
			files = (
				AB9654CC2B46C7CD0076FB93 /* RxCocoa in Frameworks */,
				AB9654C72B46C78E0076FB93 /* SDWebImageSwiftUI in Frameworks */,
				AB9654CE2B46C7CD0076FB93 /* RxRelay in Frameworks */,
				AB9654C42B46C7390076FB93 /* RealmSwift in Frameworks */,
				AB9654C22B46C7390076FB93 /* Realm in Frameworks */,
				AB9654BF2B46C7130076FB93 /* Alamofire in Frameworks */,
				AB9654D02B46C7CD0076FB93 /* RxSwift in Frameworks */,
				AB9654CA2B46C7CD0076FB93 /* RxBlocking in Frameworks */,
			);
			runOnlyForDeploymentPostprocessing = 0;
		};
		AB9654A72B46C5F20076FB93 /* Frameworks */ = {
			isa = PBXFrameworksBuildPhase;
			buildActionMask = 2147483647;
			files = (
				AB5173DA2B48A0C300814CD9 /* RxCocoa in Frameworks */,
				AB9937C22B489FB600AA8065 /* SDWebImageSwiftUI in Frameworks */,
				AB9937C02B489FA800AA8065 /* RealmSwift in Frameworks */,
			);
			runOnlyForDeploymentPostprocessing = 0;
		};
		ABABACD82B4886A00016A592 /* Frameworks */ = {
			isa = PBXFrameworksBuildPhase;
			buildActionMask = 2147483647;
			files = (
			);
			runOnlyForDeploymentPostprocessing = 0;
		};
/* End PBXFrameworksBuildPhase section */

/* Begin PBXGroup section */
		AB5173DD2B48B28100814CD9 /* Gotham */ = {
			isa = PBXGroup;
			children = (
				AB5173E02B48B29500814CD9 /* Gotham Bold.otf */,
				AB5173DE2B48B28D00814CD9 /* Gotham Medium.otf */,
				AB5173E22B48B2A100814CD9 /* Gotham Regular.otf */,
				AB5173E42B48B4C800814CD9 /* Gotham Light.otf */,
			);
			path = Gotham;
			sourceTree = "<group>";
		};
		AB7BF4A92B495D430080A511 /* Utilities */ = {
			isa = PBXGroup;
			children = (
				AB9654962B46C5F10076FB93 /* Assets.xcassets */,
				AB9654982B46C5F10076FB93 /* LaunchScreen.storyboard */,
			);
			path = Utilities;
			sourceTree = "<group>";
		};
		AB7BF4AA2B495DDD0080A511 /* Home */ = {
			isa = PBXGroup;
			children = (
				AB7BF4AB2B495DFA0080A511 /* HomeProViewController.swift */,
				AB7BF4AE2B495E860080A511 /* HomeProUIView.swift */,
			);
			path = Home;
			sourceTree = "<group>";
		};
		AB8E52962B47226A009AF78E /* ExperienceCVC */ = {
			isa = PBXGroup;
			children = (
				AB8E52982B47229B009AF78E /* ExperienceCollectionViewCell.swift */,
				AB8E52992B47229B009AF78E /* ExperienceCollectionViewCell.xib */,
			);
			path = ExperienceCVC;
			sourceTree = "<group>";
		};
		AB9654812B46C5F00076FB93 = {
			isa = PBXGroup;
			children = (
				AB96548C2B46C5F00076FB93 /* Around Egypt */,
				ABABACDC2B4886A00016A592 /* AroundEgyptTests */,
				AB9654AD2B46C5F20076FB93 /* Around EgyptUITests */,
				AB96548B2B46C5F00076FB93 /* Products */,
				AB9937BE2B489FA800AA8065 /* Frameworks */,
			);
			sourceTree = "<group>";
		};
		AB96548B2B46C5F00076FB93 /* Products */ = {
			isa = PBXGroup;
			children = (
				AB96548A2B46C5F00076FB93 /* Around Egypt.app */,
				AB9654AA2B46C5F20076FB93 /* Around EgyptUITests.xctest */,
				ABABACDB2B4886A00016A592 /* AroundEgyptTests.xctest */,
			);
			name = Products;
			sourceTree = "<group>";
		};
		AB96548C2B46C5F00076FB93 /* Around Egypt */ = {
			isa = PBXGroup;
			children = (
				AB96549B2B46C5F10076FB93 /* Info.plist */,
				AB7BF4A92B495D430080A511 /* Utilities */,
				AB9654D32B46C8640076FB93 /* Delegate */,
				AB9655052B46D71C0076FB93 /* Core */,
				AB9654F12B46CE830076FB93 /* Network */,
				AB9FDDC92B476B6C00C5EA21 /* DataManager */,
				AB9654FE2B46D07A0076FB93 /* MainScene */,
				AB9654D72B46C8B10076FB93 /* Resources */,
			);
			path = "Around Egypt";
			sourceTree = "<group>";
		};
		AB9654AD2B46C5F20076FB93 /* Around EgyptUITests */ = {
			isa = PBXGroup;
			children = (
				AB9654AE2B46C5F20076FB93 /* Around_EgyptUITests.swift */,
				AB9654B02B46C5F20076FB93 /* Around_EgyptUITestsLaunchTests.swift */,
				ABBD6A612B49A79E00473071 /* HomeProUIViewUITests.swift */,
			);
			path = "Around EgyptUITests";
			sourceTree = "<group>";
		};
		AB9654D32B46C8640076FB93 /* Delegate */ = {
			isa = PBXGroup;
			children = (
				AB96548D2B46C5F00076FB93 /* AppDelegate.swift */,
				AB96548F2B46C5F00076FB93 /* SceneDelegate.swift */,
			);
			path = Delegate;
			sourceTree = "<group>";
		};
		AB9654D42B46C86E0076FB93 /* View */ = {
			isa = PBXGroup;
			children = (
				AB7BF4AA2B495DDD0080A511 /* Home */,
				AB9654D92B46C9080076FB93 /* Experience */,
				AB9EF8CD2B484019003C9CE0 /* ReusableView */,
				ABCA2D8C2B46FECB00F76066 /* Cell */,
			);
			path = View;
			sourceTree = "<group>";
		};
		AB9654D52B46C8780076FB93 /* ViewModel */ = {
			isa = PBXGroup;
			children = (
				ABCA2D952B47115300F76066 /* ExperienceViewModel .swift */,
			);
			path = ViewModel;
			sourceTree = "<group>";
		};
		AB9654D62B46C8800076FB93 /* Model */ = {
			isa = PBXGroup;
			children = (
				AB96550A2B46E8C30076FB93 /* Experience.swift */,
				AB9FDDC72B476A0A00C5EA21 /* test.swift */,
			);
			path = Model;
			sourceTree = "<group>";
		};
		AB9654D72B46C8B10076FB93 /* Resources */ = {
			isa = PBXGroup;
			children = (
				AB9654E22B46CA370076FB93 /* Fonts */,
				AB9654E72B46CB070076FB93 /* Extenstions */,
				AB9654E82B46CB0E0076FB93 /* SystemDesign */,
			);
			path = Resources;
			sourceTree = "<group>";
		};
		AB9654D92B46C9080076FB93 /* Experience */ = {
			isa = PBXGroup;
			children = (
				AB9FDDC12B47447C00C5EA21 /* ExperienceDetails.swift */,
			);
			path = Experience;
			sourceTree = "<group>";
		};
		AB9654E22B46CA370076FB93 /* Fonts */ = {
			isa = PBXGroup;
			children = (
				AB5173DD2B48B28100814CD9 /* Gotham */,
			);
			path = Fonts;
			sourceTree = "<group>";
		};
		AB9654E72B46CB070076FB93 /* Extenstions */ = {
			isa = PBXGroup;
			children = (
				AB9FDDBF2B472D5E00C5EA21 /* UIViewController + Extenstions.swift */,
				AB9FDDC32B474E8300C5EA21 /* View + Extenstions.swift */,
				AB9FDDC52B475CC600C5EA21 /* GeomtryReader + Extenstion.swift */,
				AB9FDDCE2B47705C00C5EA21 /* UIImage + Extenstion.swift */,
			);
			path = Extenstions;
			sourceTree = "<group>";
		};
		AB9654E82B46CB0E0076FB93 /* SystemDesign */ = {
			isa = PBXGroup;
			children = (
				AB9654E92B46CB590076FB93 /* SystemDesign.swift */,
				AB9654EB2B46CB620076FB93 /* AppImages.swift */,
				AB9654ED2B46CB6A0076FB93 /* AppColors.swift */,
				AB9654EF2B46CB710076FB93 /* AppFontsUIKit.swift */,
				AB9EF8D92B486CB8003C9CE0 /* AppFontsSwiftUI.swift */,
			);
			path = SystemDesign;
			sourceTree = "<group>";
		};
		AB9654F12B46CE830076FB93 /* Network */ = {
			isa = PBXGroup;
			children = (
				AB9654F22B46CEA30076FB93 /* NetworkConstants.swift */,
				AB9654F42B46CEFA0076FB93 /* APIRouter.swift */,
				AB9655082B46D9950076FB93 /* ResponseObject.swift */,
				AB9654F62B46CF450076FB93 /* ServiceError.swift */,
				AB9654F82B46CF990076FB93 /* FailureResponse.swift */,
				AB9654FA2B46CFBE0076FB93 /* NetworkClient.swift */,
			);
			path = Network;
			sourceTree = "<group>";
		};
		AB9654FE2B46D07A0076FB93 /* MainScene */ = {
			isa = PBXGroup;
			children = (
				AB9655022B46D6500076FB93 /* Repo */,
				AB9654FF2B46D0BA0076FB93 /* Router */,
				AB9654D62B46C8800076FB93 /* Model */,
				AB9654D52B46C8780076FB93 /* ViewModel */,
				AB9654D42B46C86E0076FB93 /* View */,
			);
			path = MainScene;
			sourceTree = "<group>";
		};
		AB9654FF2B46D0BA0076FB93 /* Router */ = {
			isa = PBXGroup;
			children = (
				AB9655002B46D0C50076FB93 /* AuthRouter.swift */,
			);
			path = Router;
			sourceTree = "<group>";
		};
		AB9655022B46D6500076FB93 /* Repo */ = {
			isa = PBXGroup;
			children = (
				AB9655032B46D65B0076FB93 /* ExperienceRepo.swift */,
			);
			path = Repo;
			sourceTree = "<group>";
		};
		AB9655052B46D71C0076FB93 /* Core */ = {
			isa = PBXGroup;
			children = (
				AB9655062B46D72B0076FB93 /* BaseRepositry.swift */,
			);
			path = Core;
			sourceTree = "<group>";
		};
		AB9937B82B488E2900AA8065 /* ExperienceRepo */ = {
			isa = PBXGroup;
			children = (
				AB9937B62B488C6F00AA8065 /* ExperienceRepoTest.swift */,
				AB9937BA2B488EA200AA8065 /* MockNetworkClient.swift */,
			);
			path = ExperienceRepo;
			sourceTree = "<group>";
		};
		AB9937B92B488E3000AA8065 /* ExperienceViewModel */ = {
			isa = PBXGroup;
			children = (
				ABABACE42B4886B20016A592 /* ExperienceRepoMock.swift */,
				ABABACE62B4886DA0016A592 /* ExperienceViewModelTest.swift */,
			);
			path = ExperienceViewModel;
			sourceTree = "<group>";
		};
		AB9937BE2B489FA800AA8065 /* Frameworks */ = {
			isa = PBXGroup;
			children = (
			);
			name = Frameworks;
			sourceTree = "<group>";
		};
		AB9EF8CD2B484019003C9CE0 /* ReusableView */ = {
			isa = PBXGroup;
			children = (
				AB9EF8CE2B48402B003C9CE0 /* RadioButton.swift */,
			);
			path = ReusableView;
			sourceTree = "<group>";
		};
		AB9FDDC92B476B6C00C5EA21 /* DataManager */ = {
			isa = PBXGroup;
			children = (
				AB9FDDCA2B476BA900C5EA21 /* LocalExperience.swift */,
				AB9FDDCC2B476CD300C5EA21 /* LocalDataManager.swift */,
			);
			path = DataManager;
			sourceTree = "<group>";
		};
		ABABACDC2B4886A00016A592 /* AroundEgyptTests */ = {
			isa = PBXGroup;
			children = (
				AB9937B82B488E2900AA8065 /* ExperienceRepo */,
				AB9937B92B488E3000AA8065 /* ExperienceViewModel */,
			);
			path = AroundEgyptTests;
			sourceTree = "<group>";
		};
		ABCA2D8C2B46FECB00F76066 /* Cell */ = {
			isa = PBXGroup;
			children = (
				AB8E52962B47226A009AF78E /* ExperienceCVC */,
			);
			path = Cell;
			sourceTree = "<group>";
		};
/* End PBXGroup section */

/* Begin PBXNativeTarget section */
		AB9654892B46C5F00076FB93 /* Around Egypt */ = {
			isa = PBXNativeTarget;
			buildConfigurationList = AB9654B42B46C5F20076FB93 /* Build configuration list for PBXNativeTarget "Around Egypt" */;
			buildPhases = (
				AB9654862B46C5F00076FB93 /* Sources */,
				AB9654872B46C5F00076FB93 /* Frameworks */,
				AB9654882B46C5F00076FB93 /* Resources */,
			);
			buildRules = (
			);
			dependencies = (
			);
			name = "Around Egypt";
			packageProductDependencies = (
				AB9654BE2B46C7130076FB93 /* Alamofire */,
				AB9654C12B46C7390076FB93 /* Realm */,
				AB9654C32B46C7390076FB93 /* RealmSwift */,
				AB9654C62B46C78E0076FB93 /* SDWebImageSwiftUI */,
				AB9654C92B46C7CD0076FB93 /* RxBlocking */,
				AB9654CB2B46C7CD0076FB93 /* RxCocoa */,
				AB9654CD2B46C7CD0076FB93 /* RxRelay */,
				AB9654CF2B46C7CD0076FB93 /* RxSwift */,
			);
			productName = "Around Egypt";
			productReference = AB96548A2B46C5F00076FB93 /* Around Egypt.app */;
			productType = "com.apple.product-type.application";
		};
		AB9654A92B46C5F20076FB93 /* Around EgyptUITests */ = {
			isa = PBXNativeTarget;
			buildConfigurationList = AB9654BA2B46C5F20076FB93 /* Build configuration list for PBXNativeTarget "Around EgyptUITests" */;
			buildPhases = (
				AB9654A62B46C5F20076FB93 /* Sources */,
				AB9654A72B46C5F20076FB93 /* Frameworks */,
				AB9654A82B46C5F20076FB93 /* Resources */,
				AB9937C52B489FDD00AA8065 /* Embed Frameworks */,
			);
			buildRules = (
			);
			dependencies = (
				AB9654AC2B46C5F20076FB93 /* PBXTargetDependency */,
			);
			name = "Around EgyptUITests";
			packageProductDependencies = (
				AB9937BF2B489FA800AA8065 /* RealmSwift */,
				AB9937C12B489FB600AA8065 /* SDWebImageSwiftUI */,
				AB5173D92B48A0C300814CD9 /* RxCocoa */,
			);
			productName = "Around EgyptUITests";
			productReference = AB9654AA2B46C5F20076FB93 /* Around EgyptUITests.xctest */;
			productType = "com.apple.product-type.bundle.ui-testing";
		};
		ABABACDA2B4886A00016A592 /* AroundEgyptTests */ = {
			isa = PBXNativeTarget;
			buildConfigurationList = ABABACE12B4886A00016A592 /* Build configuration list for PBXNativeTarget "AroundEgyptTests" */;
			buildPhases = (
				ABABACD72B4886A00016A592 /* Sources */,
				ABABACD82B4886A00016A592 /* Frameworks */,
				ABABACD92B4886A00016A592 /* Resources */,
			);
			buildRules = (
			);
			dependencies = (
				ABABACE02B4886A00016A592 /* PBXTargetDependency */,
			);
			name = AroundEgyptTests;
			productName = AroundEgyptTests;
			productReference = ABABACDB2B4886A00016A592 /* AroundEgyptTests.xctest */;
			productType = "com.apple.product-type.bundle.unit-test";
		};
/* End PBXNativeTarget section */

/* Begin PBXProject section */
		AB9654822B46C5F00076FB93 /* Project object */ = {
			isa = PBXProject;
			attributes = {
				BuildIndependentTargetsInParallel = 1;
				LastSwiftUpdateCheck = 1510;
				LastUpgradeCheck = 1510;
				TargetAttributes = {
					AB9654892B46C5F00076FB93 = {
						CreatedOnToolsVersion = 15.1;
					};
					AB9654A92B46C5F20076FB93 = {
						CreatedOnToolsVersion = 15.1;
						TestTargetID = AB9654892B46C5F00076FB93;
					};
					ABABACDA2B4886A00016A592 = {
						CreatedOnToolsVersion = 15.1;
						TestTargetID = AB9654892B46C5F00076FB93;
					};
				};
			};
			buildConfigurationList = AB9654852B46C5F00076FB93 /* Build configuration list for PBXProject "Around Egypt" */;
			compatibilityVersion = "Xcode 14.0";
			developmentRegion = en;
			hasScannedForEncodings = 0;
			knownRegions = (
				en,
				Base,
			);
			mainGroup = AB9654812B46C5F00076FB93;
			packageReferences = (
				AB9654BD2B46C7130076FB93 /* XCRemoteSwiftPackageReference "Alamofire" */,
				AB9654C02B46C7390076FB93 /* XCRemoteSwiftPackageReference "realm-swift" */,
				AB9654C52B46C78E0076FB93 /* XCRemoteSwiftPackageReference "SDWebImageSwiftUI" */,
				AB9654C82B46C7CD0076FB93 /* XCRemoteSwiftPackageReference "RxSwift" */,
			);
			productRefGroup = AB96548B2B46C5F00076FB93 /* Products */;
			projectDirPath = "";
			projectRoot = "";
			targets = (
				AB9654892B46C5F00076FB93 /* Around Egypt */,
				ABABACDA2B4886A00016A592 /* AroundEgyptTests */,
				AB9654A92B46C5F20076FB93 /* Around EgyptUITests */,
			);
		};
/* End PBXProject section */

/* Begin PBXResourcesBuildPhase section */
		AB9654882B46C5F00076FB93 /* Resources */ = {
			isa = PBXResourcesBuildPhase;
			buildActionMask = 2147483647;
			files = (
				AB5173DF2B48B28D00814CD9 /* Gotham Medium.otf in Resources */,
				AB96549A2B46C5F10076FB93 /* LaunchScreen.storyboard in Resources */,
				AB5173E12B48B29500814CD9 /* Gotham Bold.otf in Resources */,
				AB9654972B46C5F10076FB93 /* Assets.xcassets in Resources */,
				AB5173E32B48B2A100814CD9 /* Gotham Regular.otf in Resources */,
				AB8E529B2B47229B009AF78E /* ExperienceCollectionViewCell.xib in Resources */,
			);
			runOnlyForDeploymentPostprocessing = 0;
		};
		AB9654A82B46C5F20076FB93 /* Resources */ = {
			isa = PBXResourcesBuildPhase;
			buildActionMask = 2147483647;
			files = (
			);
			runOnlyForDeploymentPostprocessing = 0;
		};
		ABABACD92B4886A00016A592 /* Resources */ = {
			isa = PBXResourcesBuildPhase;
			buildActionMask = 2147483647;
			files = (
			);
			runOnlyForDeploymentPostprocessing = 0;
		};
/* End PBXResourcesBuildPhase section */

/* Begin PBXSourcesBuildPhase section */
		AB9654862B46C5F00076FB93 /* Sources */ = {
			isa = PBXSourcesBuildPhase;
			buildActionMask = 2147483647;
			files = (
				AB9654F32B46CEA30076FB93 /* NetworkConstants.swift in Sources */,
				AB9EF8DA2B486CB8003C9CE0 /* AppFontsSwiftUI.swift in Sources */,
				AB9654F52B46CEFA0076FB93 /* APIRouter.swift in Sources */,
				AB9655092B46D9950076FB93 /* ResponseObject.swift in Sources */,
				AB9FDDC42B474E8300C5EA21 /* View + Extenstions.swift in Sources */,
				AB96550B2B46E8C30076FB93 /* Experience.swift in Sources */,
				AB9FDDCD2B476CD300C5EA21 /* LocalDataManager.swift in Sources */,
				AB7BF4AF2B495E860080A511 /* HomeProUIView.swift in Sources */,
				ABCA2D962B47115300F76066 /* ExperienceViewModel .swift in Sources */,
				AB9FDDCB2B476BA900C5EA21 /* LocalExperience.swift in Sources */,
				AB9654EA2B46CB590076FB93 /* SystemDesign.swift in Sources */,
				AB9654EC2B46CB620076FB93 /* AppImages.swift in Sources */,
				AB7BF4AC2B495DFA0080A511 /* HomeProViewController.swift in Sources */,
				AB96548E2B46C5F00076FB93 /* AppDelegate.swift in Sources */,
				AB9654F02B46CB710076FB93 /* AppFontsUIKit.swift in Sources */,
				AB9FDDC62B475CC600C5EA21 /* GeomtryReader + Extenstion.swift in Sources */,
				AB9654F92B46CF990076FB93 /* FailureResponse.swift in Sources */,
				AB9654FB2B46CFBE0076FB93 /* NetworkClient.swift in Sources */,
				AB9EF8CF2B48402B003C9CE0 /* RadioButton.swift in Sources */,
				AB9FDDC82B476A0A00C5EA21 /* test.swift in Sources */,
				AB9654F72B46CF450076FB93 /* ServiceError.swift in Sources */,
				AB9655072B46D72B0076FB93 /* BaseRepositry.swift in Sources */,
				AB9FDDC22B47447C00C5EA21 /* ExperienceDetails.swift in Sources */,
				AB9655012B46D0C50076FB93 /* AuthRouter.swift in Sources */,
				AB9654EE2B46CB6A0076FB93 /* AppColors.swift in Sources */,
				AB9655042B46D65B0076FB93 /* ExperienceRepo.swift in Sources */,
				AB8E529A2B47229B009AF78E /* ExperienceCollectionViewCell.swift in Sources */,
				AB9FDDCF2B47705C00C5EA21 /* UIImage + Extenstion.swift in Sources */,
				AB9654902B46C5F00076FB93 /* SceneDelegate.swift in Sources */,
				AB9FDDC02B472D5E00C5EA21 /* UIViewController + Extenstions.swift in Sources */,
			);
			runOnlyForDeploymentPostprocessing = 0;
		};
		AB9654A62B46C5F20076FB93 /* Sources */ = {
			isa = PBXSourcesBuildPhase;
			buildActionMask = 2147483647;
			files = (
				AB9654AF2B46C5F20076FB93 /* Around_EgyptUITests.swift in Sources */,
				ABBD6A622B49A79E00473071 /* HomeProUIViewUITests.swift in Sources */,
				AB9654B12B46C5F20076FB93 /* Around_EgyptUITestsLaunchTests.swift in Sources */,
			);
			runOnlyForDeploymentPostprocessing = 0;
		};
		ABABACD72B4886A00016A592 /* Sources */ = {
			isa = PBXSourcesBuildPhase;
			buildActionMask = 2147483647;
			files = (
				AB9937BB2B488EA200AA8065 /* MockNetworkClient.swift in Sources */,
				AB9937B72B488C7000AA8065 /* ExperienceRepoTest.swift in Sources */,
				ABABACE72B4886DA0016A592 /* ExperienceViewModelTest.swift in Sources */,
				ABABACE52B4886B20016A592 /* ExperienceRepoMock.swift in Sources */,
			);
			runOnlyForDeploymentPostprocessing = 0;
		};
/* End PBXSourcesBuildPhase section */

/* Begin PBXTargetDependency section */
		AB9654AC2B46C5F20076FB93 /* PBXTargetDependency */ = {
			isa = PBXTargetDependency;
			target = AB9654892B46C5F00076FB93 /* Around Egypt */;
			targetProxy = AB9654AB2B46C5F20076FB93 /* PBXContainerItemProxy */;
		};
		ABABACE02B4886A00016A592 /* PBXTargetDependency */ = {
			isa = PBXTargetDependency;
			target = AB9654892B46C5F00076FB93 /* Around Egypt */;
			targetProxy = ABABACDF2B4886A00016A592 /* PBXContainerItemProxy */;
		};
/* End PBXTargetDependency section */

/* Begin PBXVariantGroup section */
		AB9654982B46C5F10076FB93 /* LaunchScreen.storyboard */ = {
			isa = PBXVariantGroup;
			children = (
				AB9654992B46C5F10076FB93 /* Base */,
			);
			name = LaunchScreen.storyboard;
			sourceTree = "<group>";
		};
/* End PBXVariantGroup section */

/* Begin XCBuildConfiguration section */
		AB9654B22B46C5F20076FB93 /* Debug */ = {
			isa = XCBuildConfiguration;
			buildSettings = {
				ALWAYS_SEARCH_USER_PATHS = NO;
				ASSETCATALOG_COMPILER_GENERATE_SWIFT_ASSET_SYMBOL_EXTENSIONS = YES;
				CLANG_ANALYZER_NONNULL = YES;
				CLANG_ANALYZER_NUMBER_OBJECT_CONVERSION = YES_AGGRESSIVE;
				CLANG_CXX_LANGUAGE_STANDARD = "gnu++20";
				CLANG_ENABLE_MODULES = YES;
				CLANG_ENABLE_OBJC_ARC = YES;
				CLANG_ENABLE_OBJC_WEAK = YES;
				CLANG_WARN_BLOCK_CAPTURE_AUTORELEASING = YES;
				CLANG_WARN_BOOL_CONVERSION = YES;
				CLANG_WARN_COMMA = YES;
				CLANG_WARN_CONSTANT_CONVERSION = YES;
				CLANG_WARN_DEPRECATED_OBJC_IMPLEMENTATIONS = YES;
				CLANG_WARN_DIRECT_OBJC_ISA_USAGE = YES_ERROR;
				CLANG_WARN_DOCUMENTATION_COMMENTS = YES;
				CLANG_WARN_EMPTY_BODY = YES;
				CLANG_WARN_ENUM_CONVERSION = YES;
				CLANG_WARN_INFINITE_RECURSION = YES;
				CLANG_WARN_INT_CONVERSION = YES;
				CLANG_WARN_NON_LITERAL_NULL_CONVERSION = YES;
				CLANG_WARN_OBJC_IMPLICIT_RETAIN_SELF = YES;
				CLANG_WARN_OBJC_LITERAL_CONVERSION = YES;
				CLANG_WARN_OBJC_ROOT_CLASS = YES_ERROR;
				CLANG_WARN_QUOTED_INCLUDE_IN_FRAMEWORK_HEADER = YES;
				CLANG_WARN_RANGE_LOOP_ANALYSIS = YES;
				CLANG_WARN_STRICT_PROTOTYPES = YES;
				CLANG_WARN_SUSPICIOUS_MOVE = YES;
				CLANG_WARN_UNGUARDED_AVAILABILITY = YES_AGGRESSIVE;
				CLANG_WARN_UNREACHABLE_CODE = YES;
				CLANG_WARN__DUPLICATE_METHOD_MATCH = YES;
				COPY_PHASE_STRIP = NO;
				DEBUG_INFORMATION_FORMAT = dwarf;
				ENABLE_STRICT_OBJC_MSGSEND = YES;
				ENABLE_TESTABILITY = YES;
				ENABLE_USER_SCRIPT_SANDBOXING = YES;
				GCC_C_LANGUAGE_STANDARD = gnu17;
				GCC_DYNAMIC_NO_PIC = NO;
				GCC_NO_COMMON_BLOCKS = YES;
				GCC_OPTIMIZATION_LEVEL = 0;
				GCC_PREPROCESSOR_DEFINITIONS = (
					"DEBUG=1",
					"$(inherited)",
				);
				GCC_WARN_64_TO_32_BIT_CONVERSION = YES;
				GCC_WARN_ABOUT_RETURN_TYPE = YES_ERROR;
				GCC_WARN_UNDECLARED_SELECTOR = YES;
				GCC_WARN_UNINITIALIZED_AUTOS = YES_AGGRESSIVE;
				GCC_WARN_UNUSED_FUNCTION = YES;
				GCC_WARN_UNUSED_VARIABLE = YES;
				IPHONEOS_DEPLOYMENT_TARGET = 17.2;
				LOCALIZATION_PREFERS_STRING_CATALOGS = YES;
				MTL_ENABLE_DEBUG_INFO = INCLUDE_SOURCE;
				MTL_FAST_MATH = YES;
				ONLY_ACTIVE_ARCH = YES;
				SDKROOT = iphoneos;
				SWIFT_ACTIVE_COMPILATION_CONDITIONS = "DEBUG $(inherited)";
				SWIFT_OPTIMIZATION_LEVEL = "-Onone";
			};
			name = Debug;
		};
		AB9654B32B46C5F20076FB93 /* Release */ = {
			isa = XCBuildConfiguration;
			buildSettings = {
				ALWAYS_SEARCH_USER_PATHS = NO;
				ASSETCATALOG_COMPILER_GENERATE_SWIFT_ASSET_SYMBOL_EXTENSIONS = YES;
				CLANG_ANALYZER_NONNULL = YES;
				CLANG_ANALYZER_NUMBER_OBJECT_CONVERSION = YES_AGGRESSIVE;
				CLANG_CXX_LANGUAGE_STANDARD = "gnu++20";
				CLANG_ENABLE_MODULES = YES;
				CLANG_ENABLE_OBJC_ARC = YES;
				CLANG_ENABLE_OBJC_WEAK = YES;
				CLANG_WARN_BLOCK_CAPTURE_AUTORELEASING = YES;
				CLANG_WARN_BOOL_CONVERSION = YES;
				CLANG_WARN_COMMA = YES;
				CLANG_WARN_CONSTANT_CONVERSION = YES;
				CLANG_WARN_DEPRECATED_OBJC_IMPLEMENTATIONS = YES;
				CLANG_WARN_DIRECT_OBJC_ISA_USAGE = YES_ERROR;
				CLANG_WARN_DOCUMENTATION_COMMENTS = YES;
				CLANG_WARN_EMPTY_BODY = YES;
				CLANG_WARN_ENUM_CONVERSION = YES;
				CLANG_WARN_INFINITE_RECURSION = YES;
				CLANG_WARN_INT_CONVERSION = YES;
				CLANG_WARN_NON_LITERAL_NULL_CONVERSION = YES;
				CLANG_WARN_OBJC_IMPLICIT_RETAIN_SELF = YES;
				CLANG_WARN_OBJC_LITERAL_CONVERSION = YES;
				CLANG_WARN_OBJC_ROOT_CLASS = YES_ERROR;
				CLANG_WARN_QUOTED_INCLUDE_IN_FRAMEWORK_HEADER = YES;
				CLANG_WARN_RANGE_LOOP_ANALYSIS = YES;
				CLANG_WARN_STRICT_PROTOTYPES = YES;
				CLANG_WARN_SUSPICIOUS_MOVE = YES;
				CLANG_WARN_UNGUARDED_AVAILABILITY = YES_AGGRESSIVE;
				CLANG_WARN_UNREACHABLE_CODE = YES;
				CLANG_WARN__DUPLICATE_METHOD_MATCH = YES;
				COPY_PHASE_STRIP = NO;
				DEBUG_INFORMATION_FORMAT = "dwarf-with-dsym";
				ENABLE_NS_ASSERTIONS = NO;
				ENABLE_STRICT_OBJC_MSGSEND = YES;
				ENABLE_USER_SCRIPT_SANDBOXING = YES;
				GCC_C_LANGUAGE_STANDARD = gnu17;
				GCC_NO_COMMON_BLOCKS = YES;
				GCC_WARN_64_TO_32_BIT_CONVERSION = YES;
				GCC_WARN_ABOUT_RETURN_TYPE = YES_ERROR;
				GCC_WARN_UNDECLARED_SELECTOR = YES;
				GCC_WARN_UNINITIALIZED_AUTOS = YES_AGGRESSIVE;
				GCC_WARN_UNUSED_FUNCTION = YES;
				GCC_WARN_UNUSED_VARIABLE = YES;
				IPHONEOS_DEPLOYMENT_TARGET = 17.2;
				LOCALIZATION_PREFERS_STRING_CATALOGS = YES;
				MTL_ENABLE_DEBUG_INFO = NO;
				MTL_FAST_MATH = YES;
				SDKROOT = iphoneos;
				SWIFT_COMPILATION_MODE = wholemodule;
				VALIDATE_PRODUCT = YES;
			};
			name = Release;
		};
		AB9654B52B46C5F20076FB93 /* Debug */ = {
			isa = XCBuildConfiguration;
			buildSettings = {
				ASSETCATALOG_COMPILER_APPICON_NAME = AppIcon;
				ASSETCATALOG_COMPILER_GLOBAL_ACCENT_COLOR_NAME = AccentColor;
				CODE_SIGN_STYLE = Automatic;
				CURRENT_PROJECT_VERSION = 1;
				DEVELOPMENT_TEAM = 3Q8FDFK3WX;
				GENERATE_INFOPLIST_FILE = YES;
				INFOPLIST_FILE = "Around Egypt/Info.plist";
				INFOPLIST_KEY_UIApplicationSupportsIndirectInputEvents = YES;
				INFOPLIST_KEY_UILaunchStoryboardName = LaunchScreen;
				INFOPLIST_KEY_UISupportedInterfaceOrientations = UIInterfaceOrientationPortrait;
				INFOPLIST_KEY_UISupportedInterfaceOrientations_iPad = "UIInterfaceOrientationLandscapeLeft UIInterfaceOrientationLandscapeRight UIInterfaceOrientationPortrait UIInterfaceOrientationPortraitUpsideDown";
				LD_RUNPATH_SEARCH_PATHS = (
					"$(inherited)",
					"@executable_path/Frameworks",
				);
				MARKETING_VERSION = 1.0;
				PRODUCT_BUNDLE_IDENTIFIER = "com.salah.12488.Around-Egypt";
				PRODUCT_NAME = "$(TARGET_NAME)";
				SWIFT_EMIT_LOC_STRINGS = YES;
				SWIFT_VERSION = 5.0;
				TARGETED_DEVICE_FAMILY = "1,2";
			};
			name = Debug;
		};
		AB9654B62B46C5F20076FB93 /* Release */ = {
			isa = XCBuildConfiguration;
			buildSettings = {
				ASSETCATALOG_COMPILER_APPICON_NAME = AppIcon;
				ASSETCATALOG_COMPILER_GLOBAL_ACCENT_COLOR_NAME = AccentColor;
				CODE_SIGN_STYLE = Automatic;
				CURRENT_PROJECT_VERSION = 1;
				DEVELOPMENT_TEAM = 3Q8FDFK3WX;
				GENERATE_INFOPLIST_FILE = YES;
				INFOPLIST_FILE = "Around Egypt/Info.plist";
				INFOPLIST_KEY_UIApplicationSupportsIndirectInputEvents = YES;
				INFOPLIST_KEY_UILaunchStoryboardName = LaunchScreen;
				INFOPLIST_KEY_UISupportedInterfaceOrientations = UIInterfaceOrientationPortrait;
				INFOPLIST_KEY_UISupportedInterfaceOrientations_iPad = "UIInterfaceOrientationLandscapeLeft UIInterfaceOrientationLandscapeRight UIInterfaceOrientationPortrait UIInterfaceOrientationPortraitUpsideDown";
				LD_RUNPATH_SEARCH_PATHS = (
					"$(inherited)",
					"@executable_path/Frameworks",
				);
				MARKETING_VERSION = 1.0;
				PRODUCT_BUNDLE_IDENTIFIER = "com.salah.12488.Around-Egypt";
				PRODUCT_NAME = "$(TARGET_NAME)";
				SWIFT_EMIT_LOC_STRINGS = YES;
				SWIFT_VERSION = 5.0;
				TARGETED_DEVICE_FAMILY = "1,2";
			};
			name = Release;
		};
		AB9654BB2B46C5F20076FB93 /* Debug */ = {
			isa = XCBuildConfiguration;
			buildSettings = {
				ALWAYS_EMBED_SWIFT_STANDARD_LIBRARIES = YES;
				CODE_SIGN_STYLE = Automatic;
				CURRENT_PROJECT_VERSION = 1;
				DEVELOPMENT_TEAM = 3Q8FDFK3WX;
				GENERATE_INFOPLIST_FILE = YES;
				MARKETING_VERSION = 1.0;
				PRODUCT_BUNDLE_IDENTIFIER = "com.salah.12488.Around-EgyptUITests";
				PRODUCT_NAME = "$(TARGET_NAME)";
				SWIFT_EMIT_LOC_STRINGS = NO;
				SWIFT_VERSION = 5.0;
				TARGETED_DEVICE_FAMILY = "1,2";
				TEST_TARGET_NAME = "Around Egypt";
			};
			name = Debug;
		};
		AB9654BC2B46C5F20076FB93 /* Release */ = {
			isa = XCBuildConfiguration;
			buildSettings = {
				ALWAYS_EMBED_SWIFT_STANDARD_LIBRARIES = YES;
				CODE_SIGN_STYLE = Automatic;
				CURRENT_PROJECT_VERSION = 1;
				DEVELOPMENT_TEAM = 3Q8FDFK3WX;
				GENERATE_INFOPLIST_FILE = YES;
				MARKETING_VERSION = 1.0;
				PRODUCT_BUNDLE_IDENTIFIER = "com.salah.12488.Around-EgyptUITests";
				PRODUCT_NAME = "$(TARGET_NAME)";
				SWIFT_EMIT_LOC_STRINGS = NO;
				SWIFT_VERSION = 5.0;
				TARGETED_DEVICE_FAMILY = "1,2";
				TEST_TARGET_NAME = "Around Egypt";
			};
			name = Release;
		};
		ABABACE22B4886A00016A592 /* Debug */ = {
			isa = XCBuildConfiguration;
			buildSettings = {
				BUNDLE_LOADER = "$(TEST_HOST)";
				CODE_SIGN_STYLE = Automatic;
				CURRENT_PROJECT_VERSION = 1;
				DEVELOPMENT_TEAM = 3Q8FDFK3WX;
				GENERATE_INFOPLIST_FILE = YES;
				MARKETING_VERSION = 1.0;
				PRODUCT_BUNDLE_IDENTIFIER = com.salah.12488.AroundEgyptTests;
				PRODUCT_NAME = "$(TARGET_NAME)";
				SWIFT_EMIT_LOC_STRINGS = NO;
				SWIFT_VERSION = 5.0;
				TARGETED_DEVICE_FAMILY = "1,2";
				TEST_HOST = "$(BUILT_PRODUCTS_DIR)/Around Egypt.app/$(BUNDLE_EXECUTABLE_FOLDER_PATH)/Around Egypt";
			};
			name = Debug;
		};
		ABABACE32B4886A00016A592 /* Release */ = {
			isa = XCBuildConfiguration;
			buildSettings = {
				BUNDLE_LOADER = "$(TEST_HOST)";
				CODE_SIGN_STYLE = Automatic;
				CURRENT_PROJECT_VERSION = 1;
				DEVELOPMENT_TEAM = 3Q8FDFK3WX;
				GENERATE_INFOPLIST_FILE = YES;
				MARKETING_VERSION = 1.0;
				PRODUCT_BUNDLE_IDENTIFIER = com.salah.12488.AroundEgyptTests;
				PRODUCT_NAME = "$(TARGET_NAME)";
				SWIFT_EMIT_LOC_STRINGS = NO;
				SWIFT_VERSION = 5.0;
				TARGETED_DEVICE_FAMILY = "1,2";
				TEST_HOST = "$(BUILT_PRODUCTS_DIR)/Around Egypt.app/$(BUNDLE_EXECUTABLE_FOLDER_PATH)/Around Egypt";
			};
			name = Release;
		};
/* End XCBuildConfiguration section */

/* Begin XCConfigurationList section */
		AB9654852B46C5F00076FB93 /* Build configuration list for PBXProject "Around Egypt" */ = {
			isa = XCConfigurationList;
			buildConfigurations = (
				AB9654B22B46C5F20076FB93 /* Debug */,
				AB9654B32B46C5F20076FB93 /* Release */,
			);
			defaultConfigurationIsVisible = 0;
			defaultConfigurationName = Release;
		};
		AB9654B42B46C5F20076FB93 /* Build configuration list for PBXNativeTarget "Around Egypt" */ = {
			isa = XCConfigurationList;
			buildConfigurations = (
				AB9654B52B46C5F20076FB93 /* Debug */,
				AB9654B62B46C5F20076FB93 /* Release */,
			);
			defaultConfigurationIsVisible = 0;
			defaultConfigurationName = Release;
		};
		AB9654BA2B46C5F20076FB93 /* Build configuration list for PBXNativeTarget "Around EgyptUITests" */ = {
			isa = XCConfigurationList;
			buildConfigurations = (
				AB9654BB2B46C5F20076FB93 /* Debug */,
				AB9654BC2B46C5F20076FB93 /* Release */,
			);
			defaultConfigurationIsVisible = 0;
			defaultConfigurationName = Release;
		};
		ABABACE12B4886A00016A592 /* Build configuration list for PBXNativeTarget "AroundEgyptTests" */ = {
			isa = XCConfigurationList;
			buildConfigurations = (
				ABABACE22B4886A00016A592 /* Debug */,
				ABABACE32B4886A00016A592 /* Release */,
			);
			defaultConfigurationIsVisible = 0;
			defaultConfigurationName = Release;
		};
/* End XCConfigurationList section */

/* Begin XCRemoteSwiftPackageReference section */
		AB9654BD2B46C7130076FB93 /* XCRemoteSwiftPackageReference "Alamofire" */ = {
			isa = XCRemoteSwiftPackageReference;
			repositoryURL = "https://github.com/Alamofire/Alamofire";
			requirement = {
				kind = upToNextMajorVersion;
				minimumVersion = 5.8.1;
			};
		};
		AB9654C02B46C7390076FB93 /* XCRemoteSwiftPackageReference "realm-swift" */ = {
			isa = XCRemoteSwiftPackageReference;
			repositoryURL = "https://github.com/realm/realm-swift";
			requirement = {
				branch = master;
				kind = branch;
			};
		};
		AB9654C52B46C78E0076FB93 /* XCRemoteSwiftPackageReference "SDWebImageSwiftUI" */ = {
			isa = XCRemoteSwiftPackageReference;
			repositoryURL = "https://github.com/SDWebImage/SDWebImageSwiftUI";
			requirement = {
				kind = upToNextMajorVersion;
				minimumVersion = 2.2.6;
			};
		};
		AB9654C82B46C7CD0076FB93 /* XCRemoteSwiftPackageReference "RxSwift" */ = {
			isa = XCRemoteSwiftPackageReference;
			repositoryURL = "https://github.com/ReactiveX/RxSwift";
			requirement = {
				kind = upToNextMajorVersion;
				minimumVersion = 6.6.0;
			};
		};
/* End XCRemoteSwiftPackageReference section */

/* Begin XCSwiftPackageProductDependency section */
		AB5173D92B48A0C300814CD9 /* RxCocoa */ = {
			isa = XCSwiftPackageProductDependency;
			package = AB9654C82B46C7CD0076FB93 /* XCRemoteSwiftPackageReference "RxSwift" */;
			productName = RxCocoa;
		};
		AB9654BE2B46C7130076FB93 /* Alamofire */ = {
			isa = XCSwiftPackageProductDependency;
			package = AB9654BD2B46C7130076FB93 /* XCRemoteSwiftPackageReference "Alamofire" */;
			productName = Alamofire;
		};
		AB9654C12B46C7390076FB93 /* Realm */ = {
			isa = XCSwiftPackageProductDependency;
			package = AB9654C02B46C7390076FB93 /* XCRemoteSwiftPackageReference "realm-swift" */;
			productName = Realm;
		};
		AB9654C32B46C7390076FB93 /* RealmSwift */ = {
			isa = XCSwiftPackageProductDependency;
			package = AB9654C02B46C7390076FB93 /* XCRemoteSwiftPackageReference "realm-swift" */;
			productName = RealmSwift;
		};
		AB9654C62B46C78E0076FB93 /* SDWebImageSwiftUI */ = {
			isa = XCSwiftPackageProductDependency;
			package = AB9654C52B46C78E0076FB93 /* XCRemoteSwiftPackageReference "SDWebImageSwiftUI" */;
			productName = SDWebImageSwiftUI;
		};
		AB9654C92B46C7CD0076FB93 /* RxBlocking */ = {
			isa = XCSwiftPackageProductDependency;
			package = AB9654C82B46C7CD0076FB93 /* XCRemoteSwiftPackageReference "RxSwift" */;
			productName = RxBlocking;
		};
		AB9654CB2B46C7CD0076FB93 /* RxCocoa */ = {
			isa = XCSwiftPackageProductDependency;
			package = AB9654C82B46C7CD0076FB93 /* XCRemoteSwiftPackageReference "RxSwift" */;
			productName = RxCocoa;
		};
		AB9654CD2B46C7CD0076FB93 /* RxRelay */ = {
			isa = XCSwiftPackageProductDependency;
			package = AB9654C82B46C7CD0076FB93 /* XCRemoteSwiftPackageReference "RxSwift" */;
			productName = RxRelay;
		};
		AB9654CF2B46C7CD0076FB93 /* RxSwift */ = {
			isa = XCSwiftPackageProductDependency;
			package = AB9654C82B46C7CD0076FB93 /* XCRemoteSwiftPackageReference "RxSwift" */;
			productName = RxSwift;
		};
		AB9937BF2B489FA800AA8065 /* RealmSwift */ = {
			isa = XCSwiftPackageProductDependency;
			package = AB9654C02B46C7390076FB93 /* XCRemoteSwiftPackageReference "realm-swift" */;
			productName = RealmSwift;
		};
		AB9937C12B489FB600AA8065 /* SDWebImageSwiftUI */ = {
			isa = XCSwiftPackageProductDependency;
			package = AB9654C52B46C78E0076FB93 /* XCRemoteSwiftPackageReference "SDWebImageSwiftUI" */;
			productName = SDWebImageSwiftUI;
		};
/* End XCSwiftPackageProductDependency section */
	};
	rootObject = AB9654822B46C5F00076FB93 /* Project object */;
}
